// !$*UTF8*$!
{
	archiveVersion = 1;
	classes = {
	};
	objectVersion = 50;
	objects = {

/* Begin PBXBuildFile section */
		C2E46181237C487B001E6B09 /* AppDelegate.swift in Sources */ = {isa = PBXBuildFile; fileRef = C2E46180237C487B001E6B09 /* AppDelegate.swift */; };
		C2E46183237C487B001E6B09 /* SceneDelegate.swift in Sources */ = {isa = PBXBuildFile; fileRef = C2E46182237C487B001E6B09 /* SceneDelegate.swift */; };
		C2E46185237C487B001E6B09 /* ViewController.swift in Sources */ = {isa = PBXBuildFile; fileRef = C2E46184237C487B001E6B09 /* ViewController.swift */; };
		C2E46188237C487B001E6B09 /* Main.storyboard in Resources */ = {isa = PBXBuildFile; fileRef = C2E46186237C487B001E6B09 /* Main.storyboard */; };
		C2E4618B237C487B001E6B09 /* DemoG.xcdatamodeld in Sources */ = {isa = PBXBuildFile; fileRef = C2E46189237C487B001E6B09 /* DemoG.xcdatamodeld */; };
		C2E4618D237C487E001E6B09 /* Assets.xcassets in Resources */ = {isa = PBXBuildFile; fileRef = C2E4618C237C487E001E6B09 /* Assets.xcassets */; };
		C2E46190237C487E001E6B09 /* LaunchScreen.storyboard in Resources */ = {isa = PBXBuildFile; fileRef = C2E4618E237C487E001E6B09 /* LaunchScreen.storyboard */; };
		C2E4619B237C487E001E6B09 /* DemoGTests.swift in Sources */ = {isa = PBXBuildFile; fileRef = C2E4619A237C487E001E6B09 /* DemoGTests.swift */; };
		C2E461A6237C487E001E6B09 /* DemoGUITests.swift in Sources */ = {isa = PBXBuildFile; fileRef = C2E461A5237C487E001E6B09 /* DemoGUITests.swift */; };
/* End PBXBuildFile section */

/* Begin PBXContainerItemProxy section */
		C2E46197237C487E001E6B09 /* PBXContainerItemProxy */ = {
			isa = PBXContainerItemProxy;
			containerPortal = C2E46175237C487B001E6B09 /* Project object */;
			proxyType = 1;
			remoteGlobalIDString = C2E4617C237C487B001E6B09;
			remoteInfo = DemoG;
		};
		C2E461A2237C487E001E6B09 /* PBXContainerItemProxy */ = {
			isa = PBXContainerItemProxy;
			containerPortal = C2E46175237C487B001E6B09 /* Project object */;
			proxyType = 1;
			remoteGlobalIDString = C2E4617C237C487B001E6B09;
			remoteInfo = DemoG;
		};
/* End PBXContainerItemProxy section */

/* Begin PBXFileReference section */
		C2E4617D237C487B001E6B09 /* DemoG.app */ = {isa = PBXFileReference; explicitFileType = wrapper.application; includeInIndex = 0; path = DemoG.app; sourceTree = BUILT_PRODUCTS_DIR; };
		C2E46180237C487B001E6B09 /* AppDelegate.swift */ = {isa = PBXFileReference; lastKnownFileType = sourcecode.swift; path = AppDelegate.swift; sourceTree = "<group>"; };
		C2E46182237C487B001E6B09 /* SceneDelegate.swift */ = {isa = PBXFileReference; lastKnownFileType = sourcecode.swift; path = SceneDelegate.swift; sourceTree = "<group>"; };
		C2E46184237C487B001E6B09 /* ViewController.swift */ = {isa = PBXFileReference; lastKnownFileType = sourcecode.swift; path = ViewController.swift; sourceTree = "<group>"; };
		C2E46187237C487B001E6B09 /* Base */ = {isa = PBXFileReference; lastKnownFileType = file.storyboard; name = Base; path = Base.lproj/Main.storyboard; sourceTree = "<group>"; };
		C2E4618A237C487B001E6B09 /* DemoG.xcdatamodel */ = {isa = PBXFileReference; lastKnownFileType = wrapper.xcdatamodel; path = DemoG.xcdatamodel; sourceTree = "<group>"; };
		C2E4618C237C487E001E6B09 /* Assets.xcassets */ = {isa = PBXFileReference; lastKnownFileType = folder.assetcatalog; path = Assets.xcassets; sourceTree = "<group>"; };
		C2E4618F237C487E001E6B09 /* Base */ = {isa = PBXFileReference; lastKnownFileType = file.storyboard; name = Base; path = Base.lproj/LaunchScreen.storyboard; sourceTree = "<group>"; };
		C2E46191237C487E001E6B09 /* Info.plist */ = {isa = PBXFileReference; lastKnownFileType = text.plist.xml; path = Info.plist; sourceTree = "<group>"; };
		C2E46196237C487E001E6B09 /* DemoGTests.xctest */ = {isa = PBXFileReference; explicitFileType = wrapper.cfbundle; includeInIndex = 0; path = DemoGTests.xctest; sourceTree = BUILT_PRODUCTS_DIR; };
		C2E4619A237C487E001E6B09 /* DemoGTests.swift */ = {isa = PBXFileReference; lastKnownFileType = sourcecode.swift; path = DemoGTests.swift; sourceTree = "<group>"; };
		C2E4619C237C487E001E6B09 /* Info.plist */ = {isa = PBXFileReference; lastKnownFileType = text.plist.xml; path = Info.plist; sourceTree = "<group>"; };
		C2E461A1237C487E001E6B09 /* DemoGUITests.xctest */ = {isa = PBXFileReference; explicitFileType = wrapper.cfbundle; includeInIndex = 0; path = DemoGUITests.xctest; sourceTree = BUILT_PRODUCTS_DIR; };
		C2E461A5237C487E001E6B09 /* DemoGUITests.swift */ = {isa = PBXFileReference; lastKnownFileType = sourcecode.swift; path = DemoGUITests.swift; sourceTree = "<group>"; };
		C2E461A7237C487E001E6B09 /* Info.plist */ = {isa = PBXFileReference; lastKnownFileType = text.plist.xml; path = Info.plist; sourceTree = "<group>"; };
/* End PBXFileReference section */

/* Begin PBXFrameworksBuildPhase section */
		C2E4617A237C487B001E6B09 /* Frameworks */ = {
			isa = PBXFrameworksBuildPhase;
			buildActionMask = 2147483647;
			files = (
			);
			runOnlyForDeploymentPostprocessing = 0;
		};
		C2E46193237C487E001E6B09 /* Frameworks */ = {
			isa = PBXFrameworksBuildPhase;
			buildActionMask = 2147483647;
			files = (
			);
			runOnlyForDeploymentPostprocessing = 0;
		};
		C2E4619E237C487E001E6B09 /* Frameworks */ = {
			isa = PBXFrameworksBuildPhase;
			buildActionMask = 2147483647;
			files = (
			);
			runOnlyForDeploymentPostprocessing = 0;
		};
/* End PBXFrameworksBuildPhase section */

/* Begin PBXGroup section */
		C2E46174237C487B001E6B09 = {
			isa = PBXGroup;
			children = (
				C2E4617F237C487B001E6B09 /* DemoG */,
				C2E46199237C487E001E6B09 /* DemoGTests */,
				C2E461A4237C487E001E6B09 /* DemoGUITests */,
				C2E4617E237C487B001E6B09 /* Products */,
			);
			sourceTree = "<group>";
		};
		C2E4617E237C487B001E6B09 /* Products */ = {
			isa = PBXGroup;
			children = (
				C2E4617D237C487B001E6B09 /* DemoG.app */,
				C2E46196237C487E001E6B09 /* DemoGTests.xctest */,
				C2E461A1237C487E001E6B09 /* DemoGUITests.xctest */,
			);
			name = Products;
			sourceTree = "<group>";
		};
		C2E4617F237C487B001E6B09 /* DemoG */ = {
			isa = PBXGroup;
			children = (
				C2E46180237C487B001E6B09 /* AppDelegate.swift */,
				C2E46182237C487B001E6B09 /* SceneDelegate.swift */,
				C2E46184237C487B001E6B09 /* ViewController.swift */,
				C2E46186237C487B001E6B09 /* Main.storyboard */,
				C2E4618C237C487E001E6B09 /* Assets.xcassets */,
				C2E4618E237C487E001E6B09 /* LaunchScreen.storyboard */,
				C2E46191237C487E001E6B09 /* Info.plist */,
				C2E46189237C487B001E6B09 /* DemoG.xcdatamodeld */,
			);
			path = DemoG;
			sourceTree = "<group>";
		};
		C2E46199237C487E001E6B09 /* DemoGTests */ = {
			isa = PBXGroup;
			children = (
				C2E4619A237C487E001E6B09 /* DemoGTests.swift */,
				C2E4619C237C487E001E6B09 /* Info.plist */,
			);
			path = DemoGTests;
			sourceTree = "<group>";
		};
		C2E461A4237C487E001E6B09 /* DemoGUITests */ = {
			isa = PBXGroup;
			children = (
				C2E461A5237C487E001E6B09 /* DemoGUITests.swift */,
				C2E461A7237C487E001E6B09 /* Info.plist */,
			);
			path = DemoGUITests;
			sourceTree = "<group>";
		};
/* End PBXGroup section */

/* Begin PBXNativeTarget section */
		C2E4617C237C487B001E6B09 /* DemoG */ = {
			isa = PBXNativeTarget;
			buildConfigurationList = C2E461AA237C487E001E6B09 /* Build configuration list for PBXNativeTarget "DemoG" */;
			buildPhases = (
				C2E46179237C487B001E6B09 /* Sources */,
				C2E4617A237C487B001E6B09 /* Frameworks */,
				C2E4617B237C487B001E6B09 /* Resources */,
			);
			buildRules = (
			);
			dependencies = (
			);
			name = DemoG;
			productName = DemoG;
			productReference = C2E4617D237C487B001E6B09 /* DemoG.app */;
			productType = "com.apple.product-type.application";
		};
		C2E46195237C487E001E6B09 /* DemoGTests */ = {
			isa = PBXNativeTarget;
			buildConfigurationList = C2E461AD237C487E001E6B09 /* Build configuration list for PBXNativeTarget "DemoGTests" */;
			buildPhases = (
				C2E46192237C487E001E6B09 /* Sources */,
				C2E46193237C487E001E6B09 /* Frameworks */,
				C2E46194237C487E001E6B09 /* Resources */,
			);
			buildRules = (
			);
			dependencies = (
				C2E46198237C487E001E6B09 /* PBXTargetDependency */,
			);
			name = DemoGTests;
			productName = DemoGTests;
			productReference = C2E46196237C487E001E6B09 /* DemoGTests.xctest */;
			productType = "com.apple.product-type.bundle.unit-test";
		};
		C2E461A0237C487E001E6B09 /* DemoGUITests */ = {
			isa = PBXNativeTarget;
			buildConfigurationList = C2E461B0237C487E001E6B09 /* Build configuration list for PBXNativeTarget "DemoGUITests" */;
			buildPhases = (
				C2E4619D237C487E001E6B09 /* Sources */,
				C2E4619E237C487E001E6B09 /* Frameworks */,
				C2E4619F237C487E001E6B09 /* Resources */,
			);
			buildRules = (
			);
			dependencies = (
				C2E461A3237C487E001E6B09 /* PBXTargetDependency */,
			);
			name = DemoGUITests;
			productName = DemoGUITests;
			productReference = C2E461A1237C487E001E6B09 /* DemoGUITests.xctest */;
			productType = "com.apple.product-type.bundle.ui-testing";
		};
/* End PBXNativeTarget section */

/* Begin PBXProject section */
		C2E46175237C487B001E6B09 /* Project object */ = {
			isa = PBXProject;
			attributes = {
				LastSwiftUpdateCheck = 1100;
				LastUpgradeCheck = 1100;
				ORGANIZATIONNAME = Mithilesh;
				TargetAttributes = {
					C2E4617C237C487B001E6B09 = {
						CreatedOnToolsVersion = 11.0;
					};
					C2E46195237C487E001E6B09 = {
						CreatedOnToolsVersion = 11.0;
						TestTargetID = C2E4617C237C487B001E6B09;
					};
					C2E461A0237C487E001E6B09 = {
						CreatedOnToolsVersion = 11.0;
						TestTargetID = C2E4617C237C487B001E6B09;
					};
				};
			};
			buildConfigurationList = C2E46178237C487B001E6B09 /* Build configuration list for PBXProject "DemoG" */;
			compatibilityVersion = "Xcode 9.3";
			developmentRegion = en;
			hasScannedForEncodings = 0;
			knownRegions = (
				en,
				Base,
			);
			mainGroup = C2E46174237C487B001E6B09;
			productRefGroup = C2E4617E237C487B001E6B09 /* Products */;
			projectDirPath = "";
			projectRoot = "";
			targets = (
				C2E4617C237C487B001E6B09 /* DemoG */,
				C2E46195237C487E001E6B09 /* DemoGTests */,
				C2E461A0237C487E001E6B09 /* DemoGUITests */,
			);
		};
/* End PBXProject section */

/* Begin PBXResourcesBuildPhase section */
		C2E4617B237C487B001E6B09 /* Resources */ = {
			isa = PBXResourcesBuildPhase;
			buildActionMask = 2147483647;
			files = (
				C2E46190237C487E001E6B09 /* LaunchScreen.storyboard in Resources */,
				C2E4618D237C487E001E6B09 /* Assets.xcassets in Resources */,
				C2E46188237C487B001E6B09 /* Main.storyboard in Resources */,
			);
			runOnlyForDeploymentPostprocessing = 0;
		};
		C2E46194237C487E001E6B09 /* Resources */ = {
			isa = PBXResourcesBuildPhase;
			buildActionMask = 2147483647;
			files = (
			);
			runOnlyForDeploymentPostprocessing = 0;
		};
		C2E4619F237C487E001E6B09 /* Resources */ = {
			isa = PBXResourcesBuildPhase;
			buildActionMask = 2147483647;
			files = (
			);
			runOnlyForDeploymentPostprocessing = 0;
		};
/* End PBXResourcesBuildPhase section */

/* Begin PBXSourcesBuildPhase section */
		C2E46179237C487B001E6B09 /* Sources */ = {
			isa = PBXSourcesBuildPhase;
			buildActionMask = 2147483647;
			files = (
				C2E46185237C487B001E6B09 /* ViewController.swift in Sources */,
				C2E46181237C487B001E6B09 /* AppDelegate.swift in Sources */,
				C2E4618B237C487B001E6B09 /* DemoG.xcdatamodeld in Sources */,
				C2E46183237C487B001E6B09 /* SceneDelegate.swift in Sources */,
			);
			runOnlyForDeploymentPostprocessing = 0;
		};
		C2E46192237C487E001E6B09 /* Sources */ = {
			isa = PBXSourcesBuildPhase;
			buildActionMask = 2147483647;
			files = (
				C2E4619B237C487E001E6B09 /* DemoGTests.swift in Sources */,
			);
			runOnlyForDeploymentPostprocessing = 0;
		};
		C2E4619D237C487E001E6B09 /* Sources */ = {
			isa = PBXSourcesBuildPhase;
			buildActionMask = 2147483647;
			files = (
				C2E461A6237C487E001E6B09 /* DemoGUITests.swift in Sources */,
			);
			runOnlyForDeploymentPostprocessing = 0;
		};
/* End PBXSourcesBuildPhase section */

/* Begin PBXTargetDependency section */
		C2E46198237C487E001E6B09 /* PBXTargetDependency */ = {
			isa = PBXTargetDependency;
			target = C2E4617C237C487B001E6B09 /* DemoG */;
			targetProxy = C2E46197237C487E001E6B09 /* PBXContainerItemProxy */;
		};
		C2E461A3237C487E001E6B09 /* PBXTargetDependency */ = {
			isa = PBXTargetDependency;
			target = C2E4617C237C487B001E6B09 /* DemoG */;
			targetProxy = C2E461A2237C487E001E6B09 /* PBXContainerItemProxy */;
		};
/* End PBXTargetDependency section */

/* Begin PBXVariantGroup section */
		C2E46186237C487B001E6B09 /* Main.storyboard */ = {
			isa = PBXVariantGroup;
			children = (
				C2E46187237C487B001E6B09 /* Base */,
			);
			name = Main.storyboard;
			sourceTree = "<group>";
		};
		C2E4618E237C487E001E6B09 /* LaunchScreen.storyboard */ = {
			isa = PBXVariantGroup;
			children = (
				C2E4618F237C487E001E6B09 /* Base */,
			);
			name = LaunchScreen.storyboard;
			sourceTree = "<group>";
		};
/* End PBXVariantGroup section */

/* Begin XCBuildConfiguration section */
		C2E461A8237C487E001E6B09 /* Debug */ = {
			isa = XCBuildConfiguration;
			buildSettings = {
				ALWAYS_SEARCH_USER_PATHS = NO;
				CLANG_ANALYZER_NONNULL = YES;
				CLANG_ANALYZER_NUMBER_OBJECT_CONVERSION = YES_AGGRESSIVE;
				CLANG_CXX_LANGUAGE_STANDARD = "gnu++14";
				CLANG_CXX_LIBRARY = "libc++";
				CLANG_ENABLE_MODULES = YES;
				CLANG_ENABLE_OBJC_ARC = YES;
				CLANG_ENABLE_OBJC_WEAK = YES;
				CLANG_WARN_BLOCK_CAPTURE_AUTORELEASING = YES;
				CLANG_WARN_BOOL_CONVERSION = YES;
				CLANG_WARN_COMMA = YES;
				CLANG_WARN_CONSTANT_CONVERSION = YES;
				CLANG_WARN_DEPRECATED_OBJC_IMPLEMENTATIONS = YES;
				CLANG_WARN_DIRECT_OBJC_ISA_USAGE = YES_ERROR;
				CLANG_WARN_DOCUMENTATION_COMMENTS = YES;
				CLANG_WARN_EMPTY_BODY = YES;
				CLANG_WARN_ENUM_CONVERSION = YES;
				CLANG_WARN_INFINITE_RECURSION = YES;
				CLANG_WARN_INT_CONVERSION = YES;
				CLANG_WARN_NON_LITERAL_NULL_CONVERSION = YES;
				CLANG_WARN_OBJC_IMPLICIT_RETAIN_SELF = YES;
				CLANG_WARN_OBJC_LITERAL_CONVERSION = YES;
				CLANG_WARN_OBJC_ROOT_CLASS = YES_ERROR;
				CLANG_WARN_RANGE_LOOP_ANALYSIS = YES;
				CLANG_WARN_STRICT_PROTOTYPES = YES;
				CLANG_WARN_SUSPICIOUS_MOVE = YES;
				CLANG_WARN_UNGUARDED_AVAILABILITY = YES_AGGRESSIVE;
				CLANG_WARN_UNREACHABLE_CODE = YES;
				CLANG_WARN__DUPLICATE_METHOD_MATCH = YES;
				COPY_PHASE_STRIP = NO;
				DEBUG_INFORMATION_FORMAT = dwarf;
				ENABLE_STRICT_OBJC_MSGSEND = YES;
				ENABLE_TESTABILITY = YES;
				GCC_C_LANGUAGE_STANDARD = gnu11;
				GCC_DYNAMIC_NO_PIC = NO;
				GCC_NO_COMMON_BLOCKS = YES;
				GCC_OPTIMIZATION_LEVEL = 0;
				GCC_PREPROCESSOR_DEFINITIONS = (
					"DEBUG=1",
					"$(inherited)",
				);
				GCC_WARN_64_TO_32_BIT_CONVERSION = YES;
				GCC_WARN_ABOUT_RETURN_TYPE = YES_ERROR;
				GCC_WARN_UNDECLARED_SELECTOR = YES;
				GCC_WARN_UNINITIALIZED_AUTOS = YES_AGGRESSIVE;
				GCC_WARN_UNUSED_FUNCTION = YES;
				GCC_WARN_UNUSED_VARIABLE = YES;
				IPHONEOS_DEPLOYMENT_TARGET = 13.0;
				MTL_ENABLE_DEBUG_INFO = INCLUDE_SOURCE;
				MTL_FAST_MATH = YES;
				ONLY_ACTIVE_ARCH = YES;
				SDKROOT = iphoneos;
				SWIFT_ACTIVE_COMPILATION_CONDITIONS = DEBUG;
				SWIFT_OPTIMIZATION_LEVEL = "-Onone";
			};
			name = Debug;
		};
		C2E461A9237C487E001E6B09 /* Release */ = {
			isa = XCBuildConfiguration;
			buildSettings = {
				ALWAYS_SEARCH_USER_PATHS = NO;
				CLANG_ANALYZER_NONNULL = YES;
				CLANG_ANALYZER_NUMBER_OBJECT_CONVERSION = YES_AGGRESSIVE;
				CLANG_CXX_LANGUAGE_STANDARD = "gnu++14";
				CLANG_CXX_LIBRARY = "libc++";
				CLANG_ENABLE_MODULES = YES;
				CLANG_ENABLE_OBJC_ARC = YES;
				CLANG_ENABLE_OBJC_WEAK = YES;
				CLANG_WARN_BLOCK_CAPTURE_AUTORELEASING = YES;
				CLANG_WARN_BOOL_CONVERSION = YES;
				CLANG_WARN_COMMA = YES;
				CLANG_WARN_CONSTANT_CONVERSION = YES;
				CLANG_WARN_DEPRECATED_OBJC_IMPLEMENTATIONS = YES;
				CLANG_WARN_DIRECT_OBJC_ISA_USAGE = YES_ERROR;
				CLANG_WARN_DOCUMENTATION_COMMENTS = YES;
				CLANG_WARN_EMPTY_BODY = YES;
				CLANG_WARN_ENUM_CONVERSION = YES;
				CLANG_WARN_INFINITE_RECURSION = YES;
				CLANG_WARN_INT_CONVERSION = YES;
				CLANG_WARN_NON_LITERAL_NULL_CONVERSION = YES;
				CLANG_WARN_OBJC_IMPLICIT_RETAIN_SELF = YES;
				CLANG_WARN_OBJC_LITERAL_CONVERSION = YES;
				CLANG_WARN_OBJC_ROOT_CLASS = YES_ERROR;
				CLANG_WARN_RANGE_LOOP_ANALYSIS = YES;
				CLANG_WARN_STRICT_PROTOTYPES = YES;
				CLANG_WARN_SUSPICIOUS_MOVE = YES;
				CLANG_WARN_UNGUARDED_AVAILABILITY = YES_AGGRESSIVE;
				CLANG_WARN_UNREACHABLE_CODE = YES;
				CLANG_WARN__DUPLICATE_METHOD_MATCH = YES;
				COPY_PHASE_STRIP = NO;
				DEBUG_INFORMATION_FORMAT = "dwarf-with-dsym";
				ENABLE_NS_ASSERTIONS = NO;
				ENABLE_STRICT_OBJC_MSGSEND = YES;
				GCC_C_LANGUAGE_STANDARD = gnu11;
				GCC_NO_COMMON_BLOCKS = YES;
				GCC_WARN_64_TO_32_BIT_CONVERSION = YES;
				GCC_WARN_ABOUT_RETURN_TYPE = YES_ERROR;
				GCC_WARN_UNDECLARED_SELECTOR = YES;
				GCC_WARN_UNINITIALIZED_AUTOS = YES_AGGRESSIVE;
				GCC_WARN_UNUSED_FUNCTION = YES;
				GCC_WARN_UNUSED_VARIABLE = YES;
				IPHONEOS_DEPLOYMENT_TARGET = 13.0;
				MTL_ENABLE_DEBUG_INFO = NO;
				MTL_FAST_MATH = YES;
				SDKROOT = iphoneos;
				SWIFT_COMPILATION_MODE = wholemodule;
				SWIFT_OPTIMIZATION_LEVEL = "-O";
				VALIDATE_PRODUCT = YES;
			};
			name = Release;
		};
		C2E461AB237C487E001E6B09 /* Debug */ = {
			isa = XCBuildConfiguration;
			buildSettings = {
				ASSETCATALOG_COMPILER_APPICON_NAME = AppIcon;
				CODE_SIGN_STYLE = Automatic;
				INFOPLIST_FILE = DemoG/Info.plist;
				LD_RUNPATH_SEARCH_PATHS = (
					"$(inherited)",
					"@executable_path/Frameworks",
				);
				PRODUCT_BUNDLE_IDENTIFIER = "AppyPie-LLP.DemoG";
				PRODUCT_NAME = "$(TARGET_NAME)";
				SWIFT_VERSION = 5.0;
				TARGETED_DEVICE_FAMILY = "1,2";
			};
			name = Debug;
		};
		C2E461AC237C487E001E6B09 /* Release */ = {
			isa = XCBuildConfiguration;
			buildSettings = {
				ASSETCATALOG_COMPILER_APPICON_NAME = AppIcon;
				CODE_SIGN_STYLE = Automatic;
				INFOPLIST_FILE = DemoG/Info.plist;
				LD_RUNPATH_SEARCH_PATHS = (
					"$(inherited)",
					"@executable_path/Frameworks",
				);
				PRODUCT_BUNDLE_IDENTIFIER = "AppyPie-LLP.DemoG";
				PRODUCT_NAME = "$(TARGET_NAME)";
				SWIFT_VERSION = 5.0;
				TARGETED_DEVICE_FAMILY = "1,2";
			};
			name = Release;
		};
		C2E461AE237C487E001E6B09 /* Debug */ = {
			isa = XCBuildConfiguration;
			buildSettings = {
				ALWAYS_EMBED_SWIFT_STANDARD_LIBRARIES = YES;
				BUNDLE_LOADER = "$(TEST_HOST)";
				CODE_SIGN_STYLE = Automatic;
				INFOPLIST_FILE = DemoGTests/Info.plist;
				IPHONEOS_DEPLOYMENT_TARGET = 13.0;
				LD_RUNPATH_SEARCH_PATHS = (
					"$(inherited)",
					"@executable_path/Frameworks",
					"@loader_path/Frameworks",
				);
				PRODUCT_BUNDLE_IDENTIFIER = "AppyPie-LLP.DemoGTests";
				PRODUCT_NAME = "$(TARGET_NAME)";
				SWIFT_VERSION = 5.0;
				TARGETED_DEVICE_FAMILY = "1,2";
				TEST_HOST = "$(BUILT_PRODUCTS_DIR)/DemoG.app/DemoG";
			};
			name = Debug;
		};
		C2E461AF237C487E001E6B09 /* Release */ = {
			isa = XCBuildConfiguration;
			buildSettings = {
				ALWAYS_EMBED_SWIFT_STANDARD_LIBRARIES = YES;
				BUNDLE_LOADER = "$(TEST_HOST)";
				CODE_SIGN_STYLE = Automatic;
				INFOPLIST_FILE = DemoGTests/Info.plist;
				IPHONEOS_DEPLOYMENT_TARGET = 13.0;
				LD_RUNPATH_SEARCH_PATHS = (
					"$(inherited)",
					"@executable_path/Frameworks",
					"@loader_path/Frameworks",
				);
				PRODUCT_BUNDLE_IDENTIFIER = "AppyPie-LLP.DemoGTests";
				PRODUCT_NAME = "$(TARGET_NAME)";
				SWIFT_VERSION = 5.0;
				TARGETED_DEVICE_FAMILY = "1,2";
				TEST_HOST = "$(BUILT_PRODUCTS_DIR)/DemoG.app/DemoG";
			};
			name = Release;
		};
		C2E461B1237C487E001E6B09 /* Debug */ = {
			isa = XCBuildConfiguration;
			buildSettings = {
				ALWAYS_EMBED_SWIFT_STANDARD_LIBRARIES = YES;
				CODE_SIGN_STYLE = Automatic;
				INFOPLIST_FILE = DemoGUITests/Info.plist;
				LD_RUNPATH_SEARCH_PATHS = (
					"$(inherited)",
					"@executable_path/Frameworks",
					"@loader_path/Frameworks",
				);
				PRODUCT_BUNDLE_IDENTIFIER = "AppyPie-LLP.DemoGUITests";
				PRODUCT_NAME = "$(TARGET_NAME)";
				SWIFT_VERSION = 5.0;
				TARGETED_DEVICE_FAMILY = "1,2";
				TEST_TARGET_NAME = DemoG;
			};
			name = Debug;
		};
		C2E461B2237C487E001E6B09 /* Release */ = {
			isa = XCBuildConfiguration;
			buildSettings = {
				ALWAYS_EMBED_SWIFT_STANDARD_LIBRARIES = YES;
				CODE_SIGN_STYLE = Automatic;
				INFOPLIST_FILE = DemoGUITests/Info.plist;
				LD_RUNPATH_SEARCH_PATHS = (
					"$(inherited)",
					"@executable_path/Frameworks",
					"@loader_path/Frameworks",
				);
				PRODUCT_BUNDLE_IDENTIFIER = "AppyPie-LLP.DemoGUITests";
				PRODUCT_NAME = "$(TARGET_NAME)";
				SWIFT_VERSION = 5.0;
				TARGETED_DEVICE_FAMILY = "1,2";
				TEST_TARGET_NAME = DemoG;
			};
			name = Release;
		};
/* End XCBuildConfiguration section */

/* Begin XCConfigurationList section */
		C2E46178237C487B001E6B09 /* Build configuration list for PBXProject "DemoG" */ = {
			isa = XCConfigurationList;
			buildConfigurations = (
				C2E461A8237C487E001E6B09 /* Debug */,
				C2E461A9237C487E001E6B09 /* Release */,
			);
			defaultConfigurationIsVisible = 0;
			defaultConfigurationName = Release;
		};
		C2E461AA237C487E001E6B09 /* Build configuration list for PBXNativeTarget "DemoG" */ = {
			isa = XCConfigurationList;
			buildConfigurations = (
				C2E461AB237C487E001E6B09 /* Debug */,
				C2E461AC237C487E001E6B09 /* Release */,
			);
			defaultConfigurationIsVisible = 0;
			defaultConfigurationName = Release;
		};
		C2E461AD237C487E001E6B09 /* Build configuration list for PBXNativeTarget "DemoGTests" */ = {
			isa = XCConfigurationList;
			buildConfigurations = (
				C2E461AE237C487E001E6B09 /* Debug */,
				C2E461AF237C487E001E6B09 /* Release */,
			);
			defaultConfigurationIsVisible = 0;
			defaultConfigurationName = Release;
		};
		C2E461B0237C487E001E6B09 /* Build configuration list for PBXNativeTarget "DemoGUITests" */ = {
			isa = XCConfigurationList;
			buildConfigurations = (
				C2E461B1237C487E001E6B09 /* Debug */,
				C2E461B2237C487E001E6B09 /* Release */,
			);
			defaultConfigurationIsVisible = 0;
			defaultConfigurationName = Release;
		};
/* End XCConfigurationList section */

/* Begin XCVersionGroup section */
		C2E46189237C487B001E6B09 /* DemoG.xcdatamodeld */ = {
			isa = XCVersionGroup;
			children = (
				C2E4618A237C487B001E6B09 /* DemoG.xcdatamodel */,
			);
			currentVersion = C2E4618A237C487B001E6B09 /* DemoG.xcdatamodel */;
			path = DemoG.xcdatamodeld;
			sourceTree = "<group>";
			versionGroupType = wrapper.xcdatamodel;
		};
/* End XCVersionGroup section */
	};
	rootObject = C2E46175237C487B001E6B09 /* Project object */;
}
